
Microsoft Visual Studio Solution File, Format Version 12.00
# Visual Studio Version 17
VisualStudioVersion = 17.4.33213.308
MinimumVisualStudioVersion = 10.0.40219.1
Project("{FAE04EC0-301F-11D3-BF4B-00C04F79EFBC}") = "MVCProjectCamp", "MVCProjectCamp\MVCProjectCamp.csproj", "{CEEF5B26-2EC4-4246-AD00-1B8B59678873}"
EndProject
Global
	GlobalSection(SolutionConfigurationPlatforms) = preSolution
		Debug|Any CPU = Debug|Any CPU
		Release|Any CPU = Release|Any CPU
	EndGlobalSection
	GlobalSection(ProjectConfigurationPlatforms) = postSolution
		{CEEF5B26-2EC4-4246-AD00-1B8B59678873}.Debug|Any CPU.ActiveCfg = Debug|Any CPU
		{CEEF5B26-2EC4-4246-AD00-1B8B59678873}.Debug|Any CPU.Build.0 = Debug|Any CPU
		{CEEF5B26-2EC4-4246-AD00-1B8B59678873}.Release|Any CPU.ActiveCfg = Release|Any CPU
		{CEEF5B26-2EC4-4246-AD00-1B8B59678873}.Release|Any CPU.Build.0 = Release|Any CPU
	EndGlobalSection
	GlobalSection(SolutionProperties) = preSolution
		HideSolutionNode = FALSE
	EndGlobalSection
	GlobalSection(ExtensibilityGlobals) = postSolution
		SolutionGuid = {AA9E920A-BC9D-4972-BAAB-F3B712FA95DB}
	EndGlobalSection
EndGlobal
